
Microsoft Visual Studio Solution File, Format Version 12.00
Project("{FAE04EC0-301F-11D3-BF4B-00C04F79EFBC}") = "AoC2025", "src\AoC2025\AoC2025.csproj", "{A5160593-3C53-4BC4-B273-11E1C262943D}"
EndProject
Global
	GlobalSection(SolutionConfigurationPlatforms) = preSolution
		Debug|Any CPU = Debug|Any CPU
		Release|Any CPU = Release|Any CPU
	EndGlobalSection
	GlobalSection(ProjectConfigurationPlatforms) = postSolution
		{A5160593-3C53-4BC4-B273-11E1C262943D}.Debug|Any CPU.ActiveCfg = Debug|Any CPU
		{A5160593-3C53-4BC4-B273-11E1C262943D}.Debug|Any CPU.Build.0 = Debug|Any CPU
		{A5160593-3C53-4BC4-B273-11E1C262943D}.Release|Any CPU.ActiveCfg = Release|Any CPU
		{A5160593-3C53-4BC4-B273-11E1C262943D}.Release|Any CPU.Build.0 = Release|Any CPU
	EndGlobalSection
EndGlobal
